
Microsoft Visual Studio Solution File, Format Version 12.00
# Visual Studio Version 16
VisualStudioVersion = 16.0.29306.81
MinimumVisualStudioVersion = 10.0.40219.1
Project("{FAE04EC0-301F-11D3-BF4B-00C04F79EFBC}") = "Assignment-3", "Assignment-3\Assignment-3.csproj", "{15575888-1DCF-4A10-9B1F-06CB7C69911F}"
EndProject
Global
	GlobalSection(SolutionConfigurationPlatforms) = preSolution
		Debug|Any CPU = Debug|Any CPU
		Release|Any CPU = Release|Any CPU
	EndGlobalSection
	GlobalSection(ProjectConfigurationPlatforms) = postSolution
		{15575888-1DCF-4A10-9B1F-06CB7C69911F}.Debug|Any CPU.ActiveCfg = Debug|Any CPU
		{15575888-1DCF-4A10-9B1F-06CB7C69911F}.Debug|Any CPU.Build.0 = Debug|Any CPU
		{15575888-1DCF-4A10-9B1F-06CB7C69911F}.Release|Any CPU.ActiveCfg = Release|Any CPU
		{15575888-1DCF-4A10-9B1F-06CB7C69911F}.Release|Any CPU.Build.0 = Release|Any CPU
	EndGlobalSection
	GlobalSection(SolutionProperties) = preSolution
		HideSolutionNode = FALSE
	EndGlobalSection
	GlobalSection(ExtensibilityGlobals) = postSolution
		SolutionGuid = {FDD25F9C-1167-43D0-8B58-2AA8C7CF8DB9}
	EndGlobalSection
EndGlobal
