
Microsoft Visual Studio Solution File, Format Version 12.00
# Visual Studio Version 16
VisualStudioVersion = 16.0.29306.81
MinimumVisualStudioVersion = 10.0.40219.1
Project("{FAE04EC0-301F-11D3-BF4B-00C04F79EFBC}") = "WpfWindow", "WpfWindow\WpfWindow.csproj", "{0C56A53C-0688-41C5-9878-10C76F02440B}"
EndProject
Global
	GlobalSection(SolutionConfigurationPlatforms) = preSolution
		Debug|Any CPU = Debug|Any CPU
		Release|Any CPU = Release|Any CPU
	EndGlobalSection
	GlobalSection(ProjectConfigurationPlatforms) = postSolution
		{0C56A53C-0688-41C5-9878-10C76F02440B}.Debug|Any CPU.ActiveCfg = Debug|Any CPU
		{0C56A53C-0688-41C5-9878-10C76F02440B}.Debug|Any CPU.Build.0 = Debug|Any CPU
		{0C56A53C-0688-41C5-9878-10C76F02440B}.Release|Any CPU.ActiveCfg = Release|Any CPU
		{0C56A53C-0688-41C5-9878-10C76F02440B}.Release|Any CPU.Build.0 = Release|Any CPU
	EndGlobalSection
	GlobalSection(SolutionProperties) = preSolution
		HideSolutionNode = FALSE
	EndGlobalSection
	GlobalSection(ExtensibilityGlobals) = postSolution
		SolutionGuid = {A672CC5D-40AF-426A-B878-722A76CB59D3}
	EndGlobalSection
EndGlobal
